
Microsoft Visual Studio Solution File, Format Version 12.00
# Visual Studio 15
VisualStudioVersion = 15.0.27703.2018
MinimumVisualStudioVersion = 10.0.40219.1
Project("{FAE04EC0-301F-11D3-BF4B-00C04F79EFBC}") = "UnityMemoryMappedFileWPF", "UnityMemoryMappedFileWPF\UnityMemoryMappedFileWPF.csproj", "{B2C15682-65BB-4A81-9843-287D7C5879AF}"
EndProject
Project("{FAE04EC0-301F-11D3-BF4B-00C04F79EFBC}") = "UnityMemoryMappedFile", "..\UnityMemoryMappedFile\UnityMemoryMappedFile.csproj", "{71593897-E7AB-4892-99FA-0DBA75D1AC54}"
EndProject
Global
	GlobalSection(SolutionConfigurationPlatforms) = preSolution
		Debug|Any CPU = Debug|Any CPU
		Release|Any CPU = Release|Any CPU
	EndGlobalSection
	GlobalSection(ProjectConfigurationPlatforms) = postSolution
		{B2C15682-65BB-4A81-9843-287D7C5879AF}.Debug|Any CPU.ActiveCfg = Debug|Any CPU
		{B2C15682-65BB-4A81-9843-287D7C5879AF}.Debug|Any CPU.Build.0 = Debug|Any CPU
		{B2C15682-65BB-4A81-9843-287D7C5879AF}.Release|Any CPU.ActiveCfg = Release|Any CPU
		{B2C15682-65BB-4A81-9843-287D7C5879AF}.Release|Any CPU.Build.0 = Release|Any CPU
		{71593897-E7AB-4892-99FA-0DBA75D1AC54}.Debug|Any CPU.ActiveCfg = Debug|Any CPU
		{71593897-E7AB-4892-99FA-0DBA75D1AC54}.Debug|Any CPU.Build.0 = Debug|Any CPU
		{71593897-E7AB-4892-99FA-0DBA75D1AC54}.Release|Any CPU.ActiveCfg = Release|Any CPU
		{71593897-E7AB-4892-99FA-0DBA75D1AC54}.Release|Any CPU.Build.0 = Release|Any CPU
	EndGlobalSection
	GlobalSection(SolutionProperties) = preSolution
		HideSolutionNode = FALSE
	EndGlobalSection
	GlobalSection(ExtensibilityGlobals) = postSolution
		SolutionGuid = {4533F6FA-6854-42DF-89E4-7F7FD68D9677}
	EndGlobalSection
EndGlobal
